// !$*UTF8*$!
{
	archiveVersion = 1;
	classes = {
	};
	objectVersion = 50;
	objects = {

/* Begin PBXBuildFile section */
		72913D6525C9083D00D80F19 /* Random_MemorizeApp.swift in Sources */ = {isa = PBXBuildFile; fileRef = 72913D6425C9083D00D80F19 /* Random_MemorizeApp.swift */; };
		72913D6725C9083D00D80F19 /* EmojiMemoryGameView.swift in Sources */ = {isa = PBXBuildFile; fileRef = 72913D6625C9083D00D80F19 /* EmojiMemoryGameView.swift */; };
		72913D6925C9083D00D80F19 /* Assets.xcassets in Resources */ = {isa = PBXBuildFile; fileRef = 72913D6825C9083D00D80F19 /* Assets.xcassets */; };
		72913D6C25C9083D00D80F19 /* Preview Assets.xcassets in Resources */ = {isa = PBXBuildFile; fileRef = 72913D6B25C9083D00D80F19 /* Preview Assets.xcassets */; };
		72CFD86125CD7BA4000BA3C4 /* MemoryGame.swift in Sources */ = {isa = PBXBuildFile; fileRef = 72CFD86025CD7BA4000BA3C4 /* MemoryGame.swift */; };
		72CFD86425CD7E6A000BA3C4 /* EmojiMemoryGame.swift in Sources */ = {isa = PBXBuildFile; fileRef = 72CFD86325CD7E6A000BA3C4 /* EmojiMemoryGame.swift */; };
/* End PBXBuildFile section */

/* Begin PBXFileReference section */
		72913D6125C9083D00D80F19 /* Random Memorize.app */ = {isa = PBXFileReference; explicitFileType = wrapper.application; includeInIndex = 0; path = "Random Memorize.app"; sourceTree = BUILT_PRODUCTS_DIR; };
		72913D6425C9083D00D80F19 /* Random_MemorizeApp.swift */ = {isa = PBXFileReference; lastKnownFileType = sourcecode.swift; path = Random_MemorizeApp.swift; sourceTree = "<group>"; };
		72913D6625C9083D00D80F19 /* EmojiMemoryGameView.swift */ = {isa = PBXFileReference; lastKnownFileType = sourcecode.swift; path = EmojiMemoryGameView.swift; sourceTree = "<group>"; };
		72913D6825C9083D00D80F19 /* Assets.xcassets */ = {isa = PBXFileReference; lastKnownFileType = folder.assetcatalog; path = Assets.xcassets; sourceTree = "<group>"; };
		72913D6B25C9083D00D80F19 /* Preview Assets.xcassets */ = {isa = PBXFileReference; lastKnownFileType = folder.assetcatalog; path = "Preview Assets.xcassets"; sourceTree = "<group>"; };
		72913D6D25C9083D00D80F19 /* Info.plist */ = {isa = PBXFileReference; lastKnownFileType = text.plist.xml; path = Info.plist; sourceTree = "<group>"; };
		72CFD86025CD7BA4000BA3C4 /* MemoryGame.swift */ = {isa = PBXFileReference; lastKnownFileType = sourcecode.swift; path = MemoryGame.swift; sourceTree = "<group>"; };
		72CFD86325CD7E6A000BA3C4 /* EmojiMemoryGame.swift */ = {isa = PBXFileReference; lastKnownFileType = sourcecode.swift; path = EmojiMemoryGame.swift; sourceTree = "<group>"; };
/* End PBXFileReference section */

/* Begin PBXFrameworksBuildPhase section */
		72913D5E25C9083D00D80F19 /* Frameworks */ = {
			isa = PBXFrameworksBuildPhase;
			buildActionMask = 2147483647;
			files = (
			);
			runOnlyForDeploymentPostprocessing = 0;
		};
/* End PBXFrameworksBuildPhase section */

/* Begin PBXGroup section */
		72913D5825C9083D00D80F19 = {
			isa = PBXGroup;
			children = (
				72913D6325C9083D00D80F19 /* Random Memorize */,
				72913D6225C9083D00D80F19 /* Products */,
			);
			sourceTree = "<group>";
		};
		72913D6225C9083D00D80F19 /* Products */ = {
			isa = PBXGroup;
			children = (
				72913D6125C9083D00D80F19 /* Random Memorize.app */,
			);
			name = Products;
			sourceTree = "<group>";
		};
		72913D6325C9083D00D80F19 /* Random Memorize */ = {
			isa = PBXGroup;
			children = (
				72913D6425C9083D00D80F19 /* Random_MemorizeApp.swift */,
				72913D6625C9083D00D80F19 /* EmojiMemoryGameView.swift */,
				72CFD86025CD7BA4000BA3C4 /* MemoryGame.swift */,
				72913D6825C9083D00D80F19 /* Assets.xcassets */,
				72913D6D25C9083D00D80F19 /* Info.plist */,
				72913D6A25C9083D00D80F19 /* Preview Content */,
				72CFD86325CD7E6A000BA3C4 /* EmojiMemoryGame.swift */,
			);
			path = "Random Memorize";
			sourceTree = "<group>";
		};
		72913D6A25C9083D00D80F19 /* Preview Content */ = {
			isa = PBXGroup;
			children = (
				72913D6B25C9083D00D80F19 /* Preview Assets.xcassets */,
			);
			path = "Preview Content";
			sourceTree = "<group>";
		};
/* End PBXGroup section */

/* Begin PBXNativeTarget section */
		72913D6025C9083D00D80F19 /* Random Memorize */ = {
			isa = PBXNativeTarget;
			buildConfigurationList = 72913D7025C9083D00D80F19 /* Build configuration list for PBXNativeTarget "Random Memorize" */;
			buildPhases = (
				72913D5D25C9083D00D80F19 /* Sources */,
				72913D5E25C9083D00D80F19 /* Frameworks */,
				72913D5F25C9083D00D80F19 /* Resources */,
			);
			buildRules = (
			);
			dependencies = (
			);
			name = "Random Memorize";
			productName = "Random Memorize";
			productReference = 72913D6125C9083D00D80F19 /* Random Memorize.app */;
			productType = "com.apple.product-type.application";
		};
/* End PBXNativeTarget section */

/* Begin PBXProject section */
		72913D5925C9083D00D80F19 /* Project object */ = {
			isa = PBXProject;
			attributes = {
				LastSwiftUpdateCheck = 1230;
				LastUpgradeCheck = 1230;
				TargetAttributes = {
					72913D6025C9083D00D80F19 = {
						CreatedOnToolsVersion = 12.3;
					};
				};
			};
			buildConfigurationList = 72913D5C25C9083D00D80F19 /* Build configuration list for PBXProject "Random Memorize" */;
			compatibilityVersion = "Xcode 9.3";
			developmentRegion = en;
			hasScannedForEncodings = 0;
			knownRegions = (
				en,
				Base,
			);
			mainGroup = 72913D5825C9083D00D80F19;
			productRefGroup = 72913D6225C9083D00D80F19 /* Products */;
			projectDirPath = "";
			projectRoot = "";
			targets = (
				72913D6025C9083D00D80F19 /* Random Memorize */,
			);
		};
/* End PBXProject section */

/* Begin PBXResourcesBuildPhase section */
		72913D5F25C9083D00D80F19 /* Resources */ = {
			isa = PBXResourcesBuildPhase;
			buildActionMask = 2147483647;
			files = (
				72913D6C25C9083D00D80F19 /* Preview Assets.xcassets in Resources */,
				72913D6925C9083D00D80F19 /* Assets.xcassets in Resources */,
			);
			runOnlyForDeploymentPostprocessing = 0;
		};
/* End PBXResourcesBuildPhase section */

/* Begin PBXSourcesBuildPhase section */
		72913D5D25C9083D00D80F19 /* Sources */ = {
			isa = PBXSourcesBuildPhase;
			buildActionMask = 2147483647;
			files = (
				72CFD86125CD7BA4000BA3C4 /* MemoryGame.swift in Sources */,
				72913D6725C9083D00D80F19 /* EmojiMemoryGameView.swift in Sources */,
				72913D6525C9083D00D80F19 /* Random_MemorizeApp.swift in Sources */,
				72CFD86425CD7E6A000BA3C4 /* EmojiMemoryGame.swift in Sources */,
			);
			runOnlyForDeploymentPostprocessing = 0;
		};
/* End PBXSourcesBuildPhase section */

/* Begin XCBuildConfiguration section */
		72913D6E25C9083D00D80F19 /* Debug */ = {
			isa = XCBuildConfiguration;
			buildSettings = {
				ALWAYS_SEARCH_USER_PATHS = NO;
				CLANG_ANALYZER_NONNULL = YES;
				CLANG_ANALYZER_NUMBER_OBJECT_CONVERSION = YES_AGGRESSIVE;
				CLANG_CXX_LANGUAGE_STANDARD = "gnu++14";
				CLANG_CXX_LIBRARY = "libc++";
				CLANG_ENABLE_MODULES = YES;
				CLANG_ENABLE_OBJC_ARC = YES;
				CLANG_ENABLE_OBJC_WEAK = YES;
				CLANG_WARN_BLOCK_CAPTURE_AUTORELEASING = YES;
				CLANG_WARN_BOOL_CONVERSION = YES;
				CLANG_WARN_COMMA = YES;
				CLANG_WARN_CONSTANT_CONVERSION = YES;
				CLANG_WARN_DEPRECATED_OBJC_IMPLEMENTATIONS = YES;
				CLANG_WARN_DIRECT_OBJC_ISA_USAGE = YES_ERROR;
				CLANG_WARN_DOCUMENTATION_COMMENTS = YES;
				CLANG_WARN_EMPTY_BODY = YES;
				CLANG_WARN_ENUM_CONVERSION = YES;
				CLANG_WARN_INFINITE_RECURSION = YES;
				CLANG_WARN_INT_CONVERSION = YES;
				CLANG_WARN_NON_LITERAL_NULL_CONVERSION = YES;
				CLANG_WARN_OBJC_IMPLICIT_RETAIN_SELF = YES;
				CLANG_WARN_OBJC_LITERAL_CONVERSION = YES;
				CLANG_WARN_OBJC_ROOT_CLASS = YES_ERROR;
				CLANG_WARN_QUOTED_INCLUDE_IN_FRAMEWORK_HEADER = YES;
				CLANG_WARN_RANGE_LOOP_ANALYSIS = YES;
				CLANG_WARN_STRICT_PROTOTYPES = YES;
				CLANG_WARN_SUSPICIOUS_MOVE = YES;
				CLANG_WARN_UNGUARDED_AVAILABILITY = YES_AGGRESSIVE;
				CLANG_WARN_UNREACHABLE_CODE = YES;
				CLANG_WARN__DUPLICATE_METHOD_MATCH = YES;
				COPY_PHASE_STRIP = NO;
				DEBUG_INFORMATION_FORMAT = dwarf;
				ENABLE_STRICT_OBJC_MSGSEND = YES;
				ENABLE_TESTABILITY = YES;
				GCC_C_LANGUAGE_STANDARD = gnu11;
				GCC_DYNAMIC_NO_PIC = NO;
				GCC_NO_COMMON_BLOCKS = YES;
				GCC_OPTIMIZATION_LEVEL = 0;
				GCC_PREPROCESSOR_DEFINITIONS = (
					"DEBUG=1",
					"$(inherited)",
				);
				GCC_WARN_64_TO_32_BIT_CONVERSION = YES;
				GCC_WARN_ABOUT_RETURN_TYPE = YES_ERROR;
				GCC_WARN_UNDECLARED_SELECTOR = YES;
				GCC_WARN_UNINITIALIZED_AUTOS = YES_AGGRESSIVE;
				GCC_WARN_UNUSED_FUNCTION = YES;
				GCC_WARN_UNUSED_VARIABLE = YES;
				IPHONEOS_DEPLOYMENT_TARGET = 14.3;
				MTL_ENABLE_DEBUG_INFO = INCLUDE_SOURCE;
				MTL_FAST_MATH = YES;
				ONLY_ACTIVE_ARCH = YES;
				SDKROOT = iphoneos;
				SWIFT_ACTIVE_COMPILATION_CONDITIONS = DEBUG;
				SWIFT_OPTIMIZATION_LEVEL = "-Onone";
			};
			name = Debug;
		};
		72913D6F25C9083D00D80F19 /* Release */ = {
			isa = XCBuildConfiguration;
			buildSettings = {
				ALWAYS_SEARCH_USER_PATHS = NO;
				CLANG_ANALYZER_NONNULL = YES;
				CLANG_ANALYZER_NUMBER_OBJECT_CONVERSION = YES_AGGRESSIVE;
				CLANG_CXX_LANGUAGE_STANDARD = "gnu++14";
				CLANG_CXX_LIBRARY = "libc++";
				CLANG_ENABLE_MODULES = YES;
				CLANG_ENABLE_OBJC_ARC = YES;
				CLANG_ENABLE_OBJC_WEAK = YES;
				CLANG_WARN_BLOCK_CAPTURE_AUTORELEASING = YES;
				CLANG_WARN_BOOL_CONVERSION = YES;
				CLANG_WARN_COMMA = YES;
				CLANG_WARN_CONSTANT_CONVERSION = YES;
				CLANG_WARN_DEPRECATED_OBJC_IMPLEMENTATIONS = YES;
				CLANG_WARN_DIRECT_OBJC_ISA_USAGE = YES_ERROR;
				CLANG_WARN_DOCUMENTATION_COMMENTS = YES;
				CLANG_WARN_EMPTY_BODY = YES;
				CLANG_WARN_ENUM_CONVERSION = YES;
				CLANG_WARN_INFINITE_RECURSION = YES;
				CLANG_WARN_INT_CONVERSION = YES;
				CLANG_WARN_NON_LITERAL_NULL_CONVERSION = YES;
				CLANG_WARN_OBJC_IMPLICIT_RETAIN_SELF = YES;
				CLANG_WARN_OBJC_LITERAL_CONVERSION = YES;
				CLANG_WARN_OBJC_ROOT_CLASS = YES_ERROR;
				CLANG_WARN_QUOTED_INCLUDE_IN_FRAMEWORK_HEADER = YES;
				CLANG_WARN_RANGE_LOOP_ANALYSIS = YES;
				CLANG_WARN_STRICT_PROTOTYPES = YES;
				CLANG_WARN_SUSPICIOUS_MOVE = YES;
				CLANG_WARN_UNGUARDED_AVAILABILITY = YES_AGGRESSIVE;
				CLANG_WARN_UNREACHABLE_CODE = YES;
				CLANG_WARN__DUPLICATE_METHOD_MATCH = YES;
				COPY_PHASE_STRIP = NO;
				DEBUG_INFORMATION_FORMAT = "dwarf-with-dsym";
				ENABLE_NS_ASSERTIONS = NO;
				ENABLE_STRICT_OBJC_MSGSEND = YES;
				GCC_C_LANGUAGE_STANDARD = gnu11;
				GCC_NO_COMMON_BLOCKS = YES;
				GCC_WARN_64_TO_32_BIT_CONVERSION = YES;
				GCC_WARN_ABOUT_RETURN_TYPE = YES_ERROR;
				GCC_WARN_UNDECLARED_SELECTOR = YES;
				GCC_WARN_UNINITIALIZED_AUTOS = YES_AGGRESSIVE;
				GCC_WARN_UNUSED_FUNCTION = YES;
				GCC_WARN_UNUSED_VARIABLE = YES;
				IPHONEOS_DEPLOYMENT_TARGET = 14.3;
				MTL_ENABLE_DEBUG_INFO = NO;
				MTL_FAST_MATH = YES;
				SDKROOT = iphoneos;
				SWIFT_COMPILATION_MODE = wholemodule;
				SWIFT_OPTIMIZATION_LEVEL = "-O";
				VALIDATE_PRODUCT = YES;
			};
			name = Release;
		};
		72913D7125C9083D00D80F19 /* Debug */ = {
			isa = XCBuildConfiguration;
			buildSettings = {
				ASSETCATALOG_COMPILER_APPICON_NAME = AppIcon;
				ASSETCATALOG_COMPILER_GLOBAL_ACCENT_COLOR_NAME = AccentColor;
				CODE_SIGN_STYLE = Automatic;
				DEVELOPMENT_ASSET_PATHS = "\"Random Memorize/Preview Content\"";
				DEVELOPMENT_TEAM = RN439F44ZZ;
				ENABLE_PREVIEWS = YES;
				INFOPLIST_FILE = "Random Memorize/Info.plist";
				IPHONEOS_DEPLOYMENT_TARGET = 14.0;
				LD_RUNPATH_SEARCH_PATHS = (
					"$(inherited)",
					"@executable_path/Frameworks",
				);
				PRODUCT_BUNDLE_IDENTIFIER = "com.sgarcia.Random-Memorize";
				PRODUCT_NAME = "$(TARGET_NAME)";
				SWIFT_VERSION = 5.0;
				TARGETED_DEVICE_FAMILY = "1,2";
			};
			name = Debug;
		};
		72913D7225C9083D00D80F19 /* Release */ = {
			isa = XCBuildConfiguration;
			buildSettings = {
				ASSETCATALOG_COMPILER_APPICON_NAME = AppIcon;
				ASSETCATALOG_COMPILER_GLOBAL_ACCENT_COLOR_NAME = AccentColor;
				CODE_SIGN_STYLE = Automatic;
				DEVELOPMENT_ASSET_PATHS = "\"Random Memorize/Preview Content\"";
				DEVELOPMENT_TEAM = RN439F44ZZ;
				ENABLE_PREVIEWS = YES;
				INFOPLIST_FILE = "Random Memorize/Info.plist";
				IPHONEOS_DEPLOYMENT_TARGET = 14.0;
				LD_RUNPATH_SEARCH_PATHS = (
					"$(inherited)",
					"@executable_path/Frameworks",
				);
				PRODUCT_BUNDLE_IDENTIFIER = "com.sgarcia.Random-Memorize";
				PRODUCT_NAME = "$(TARGET_NAME)";
				SWIFT_VERSION = 5.0;
				TARGETED_DEVICE_FAMILY = "1,2";
			};
			name = Release;
		};
/* End XCBuildConfiguration section */

/* Begin XCConfigurationList section */
		72913D5C25C9083D00D80F19 /* Build configuration list for PBXProject "Random Memorize" */ = {
			isa = XCConfigurationList;
			buildConfigurations = (
				72913D6E25C9083D00D80F19 /* Debug */,
				72913D6F25C9083D00D80F19 /* Release */,
			);
			defaultConfigurationIsVisible = 0;
			defaultConfigurationName = Release;
		};
		72913D7025C9083D00D80F19 /* Build configuration list for PBXNativeTarget "Random Memorize" */ = {
			isa = XCConfigurationList;
			buildConfigurations = (
				72913D7125C9083D00D80F19 /* Debug */,
				72913D7225C9083D00D80F19 /* Release */,
			);
			defaultConfigurationIsVisible = 0;
			defaultConfigurationName = Release;
		};
/* End XCConfigurationList section */
	};
	rootObject = 72913D5925C9083D00D80F19 /* Project object */;
}
